
Microsoft Visual Studio Solution File, Format Version 12.00
# Visual Studio Version 17
VisualStudioVersion = 17.4.33205.214
MinimumVisualStudioVersion = 10.0.40219.1
Project("{FAE04EC0-301F-11D3-BF4B-00C04F79EFBC}") = "Pasaparola", "Pasaparola\Pasaparola.csproj", "{574C0F30-7CAC-4A44-88D9-157F21474A6F}"
EndProject
Global
	GlobalSection(SolutionConfigurationPlatforms) = preSolution
		Debug|Any CPU = Debug|Any CPU
		Release|Any CPU = Release|Any CPU
	EndGlobalSection
	GlobalSection(ProjectConfigurationPlatforms) = postSolution
		{574C0F30-7CAC-4A44-88D9-157F21474A6F}.Debug|Any CPU.ActiveCfg = Debug|Any CPU
		{574C0F30-7CAC-4A44-88D9-157F21474A6F}.Debug|Any CPU.Build.0 = Debug|Any CPU
		{574C0F30-7CAC-4A44-88D9-157F21474A6F}.Release|Any CPU.ActiveCfg = Release|Any CPU
		{574C0F30-7CAC-4A44-88D9-157F21474A6F}.Release|Any CPU.Build.0 = Release|Any CPU
	EndGlobalSection
	GlobalSection(SolutionProperties) = preSolution
		HideSolutionNode = FALSE
	EndGlobalSection
	GlobalSection(ExtensibilityGlobals) = postSolution
		SolutionGuid = {51BE1CCF-B3FB-49C1-93F8-9748F8FCE65A}
	EndGlobalSection
EndGlobal
